
Microsoft Visual Studio Solution File, Format Version 12.00
# Visual Studio 2012
Project("{888888A0-9F3D-457C-B088-3A5042F75D52}") = "Server", "Server\Server.pyproj", "{95BCEBD4-4E30-40AA-9204-D689167C78AA}"
EndProject
Project("{888888A0-9F3D-457C-B088-3A5042F75D52}") = "Service", "Service\Service.pyproj", "{2470F56A-6F42-4B6B-A138-52850D535EE9}"
EndProject
Global
	GlobalSection(SolutionConfigurationPlatforms) = preSolution
		Debug|Any CPU = Debug|Any CPU
		Release|Any CPU = Release|Any CPU
	EndGlobalSection
	GlobalSection(ProjectConfigurationPlatforms) = postSolution
		{95BCEBD4-4E30-40AA-9204-D689167C78AA}.Debug|Any CPU.ActiveCfg = Debug|Any CPU
		{95BCEBD4-4E30-40AA-9204-D689167C78AA}.Release|Any CPU.ActiveCfg = Release|Any CPU
		{2470F56A-6F42-4B6B-A138-52850D535EE9}.Debug|Any CPU.ActiveCfg = Debug|Any CPU
		{2470F56A-6F42-4B6B-A138-52850D535EE9}.Release|Any CPU.ActiveCfg = Release|Any CPU
	EndGlobalSection
	GlobalSection(SolutionProperties) = preSolution
		HideSolutionNode = FALSE
	EndGlobalSection
EndGlobal
